
Microsoft Visual Studio Solution File, Format Version 12.00
# Visual Studio Version 17
VisualStudioVersion = 17.10.34928.147
MinimumVisualStudioVersion = 10.0.40219.1
Project("{FAE04EC0-301F-11D3-BF4B-00C04F79EFBC}") = "App_Layer", "App_Layer\App_Layer.csproj", "{15B3A81B-7F82-4D88-B452-4072620AE763}"
EndProject
Project("{FAE04EC0-301F-11D3-BF4B-00C04F79EFBC}") = "Business_Layer", "Business_Layer\Business_Layer.csproj", "{B591E3EE-F0E9-40D8-9066-1D5B72DB7E1B}"
EndProject
Project("{FAE04EC0-301F-11D3-BF4B-00C04F79EFBC}") = "Data_Access_Layer", "Data_Access_Layer\Data_Access_Layer.csproj", "{ECB78E01-CE91-46DF-A723-744D213AA4DD}"
EndProject
Global
	GlobalSection(SolutionConfigurationPlatforms) = preSolution
		Debug|Any CPU = Debug|Any CPU
		Release|Any CPU = Release|Any CPU
	EndGlobalSection
	GlobalSection(ProjectConfigurationPlatforms) = postSolution
		{15B3A81B-7F82-4D88-B452-4072620AE763}.Debug|Any CPU.ActiveCfg = Debug|Any CPU
		{15B3A81B-7F82-4D88-B452-4072620AE763}.Debug|Any CPU.Build.0 = Debug|Any CPU
		{15B3A81B-7F82-4D88-B452-4072620AE763}.Release|Any CPU.ActiveCfg = Release|Any CPU
		{15B3A81B-7F82-4D88-B452-4072620AE763}.Release|Any CPU.Build.0 = Release|Any CPU
		{B591E3EE-F0E9-40D8-9066-1D5B72DB7E1B}.Debug|Any CPU.ActiveCfg = Debug|Any CPU
		{B591E3EE-F0E9-40D8-9066-1D5B72DB7E1B}.Debug|Any CPU.Build.0 = Debug|Any CPU
		{B591E3EE-F0E9-40D8-9066-1D5B72DB7E1B}.Release|Any CPU.ActiveCfg = Release|Any CPU
		{B591E3EE-F0E9-40D8-9066-1D5B72DB7E1B}.Release|Any CPU.Build.0 = Release|Any CPU
		{ECB78E01-CE91-46DF-A723-744D213AA4DD}.Debug|Any CPU.ActiveCfg = Debug|Any CPU
		{ECB78E01-CE91-46DF-A723-744D213AA4DD}.Debug|Any CPU.Build.0 = Debug|Any CPU
		{ECB78E01-CE91-46DF-A723-744D213AA4DD}.Release|Any CPU.ActiveCfg = Release|Any CPU
		{ECB78E01-CE91-46DF-A723-744D213AA4DD}.Release|Any CPU.Build.0 = Release|Any CPU
	EndGlobalSection
	GlobalSection(SolutionProperties) = preSolution
		HideSolutionNode = FALSE
	EndGlobalSection
	GlobalSection(ExtensibilityGlobals) = postSolution
		SolutionGuid = {DF387A11-2816-4187-844E-50C7F0EFA075}
	EndGlobalSection
EndGlobal
